
Microsoft Visual Studio Solution File, Format Version 12.00
# Visual Studio Version 17
VisualStudioVersion = 17.11.35327.3
MinimumVisualStudioVersion = 10.0.40219.1
Project("{9A19103F-16F7-4668-BE54-9A1E7A4F7556}") = "Ical.Net.NaturalLanguage", "Ical.Net.NaturalLanguage\Ical.Net.NaturalLanguage.csproj", "{C96FC18C-F383-4128-B13F-E99E9037FBC3}"
EndProject
Project("{9A19103F-16F7-4668-BE54-9A1E7A4F7556}") = "Ical.Net.NaturalLanguage.CoreUnitTests", "Ical.Net.NaturalLanguage.CoreUnitTests\Ical.Net.NaturalLanguage.CoreUnitTests.csproj", "{8BC69D64-28DB-4B44-90E9-52AF77E2D95B}"
EndProject
Global
	GlobalSection(SolutionConfigurationPlatforms) = preSolution
		Debug|Any CPU = Debug|Any CPU
		Release|Any CPU = Release|Any CPU
	EndGlobalSection
	GlobalSection(ProjectConfigurationPlatforms) = postSolution
		{C96FC18C-F383-4128-B13F-E99E9037FBC3}.Debug|Any CPU.ActiveCfg = Debug|Any CPU
		{C96FC18C-F383-4128-B13F-E99E9037FBC3}.Debug|Any CPU.Build.0 = Debug|Any CPU
		{C96FC18C-F383-4128-B13F-E99E9037FBC3}.Release|Any CPU.ActiveCfg = Release|Any CPU
		{C96FC18C-F383-4128-B13F-E99E9037FBC3}.Release|Any CPU.Build.0 = Release|Any CPU
		{8BC69D64-28DB-4B44-90E9-52AF77E2D95B}.Debug|Any CPU.ActiveCfg = Debug|Any CPU
		{8BC69D64-28DB-4B44-90E9-52AF77E2D95B}.Debug|Any CPU.Build.0 = Debug|Any CPU
		{8BC69D64-28DB-4B44-90E9-52AF77E2D95B}.Release|Any CPU.ActiveCfg = Release|Any CPU
		{8BC69D64-28DB-4B44-90E9-52AF77E2D95B}.Release|Any CPU.Build.0 = Release|Any CPU
	EndGlobalSection
	GlobalSection(SolutionProperties) = preSolution
		HideSolutionNode = FALSE
	EndGlobalSection
	GlobalSection(ExtensibilityGlobals) = postSolution
		SolutionGuid = {C3C8BB4B-ADBA-4C08-B2C7-523BAA8D4767}
	EndGlobalSection
EndGlobal
